
Microsoft Visual Studio Solution File, Format Version 12.00
# Visual Studio 2013
VisualStudioVersion = 12.0.21005.1
MinimumVisualStudioVersion = 10.0.40219.1
Project("{E24C65DC-7377-472B-9ABA-BC803B73C61A}") = "imgUploadApproval", "http://localhost:61766", "{89461303-EB1C-44CC-A483-CFEE1501A0F6}"
	ProjectSection(WebsiteProperties) = preProject
		UseIISExpress = "true"
		TargetFrameworkMoniker = ".NETFramework,Version%3Dv3.5"
		Debug.AspNetCompiler.VirtualPath = "/localhost_61766"
		Debug.AspNetCompiler.PhysicalPath = "\\ccwebetest\webroot\ccis.edu\test\yw\imgUploadApproval\"
		Debug.AspNetCompiler.TargetPath = "PrecompiledWeb\localhost_61766\"
		Debug.AspNetCompiler.Updateable = "true"
		Debug.AspNetCompiler.ForceOverwrite = "true"
		Debug.AspNetCompiler.FixedNames = "false"
		Debug.AspNetCompiler.Debug = "True"
		Release.AspNetCompiler.VirtualPath = "/localhost_61766"
		Release.AspNetCompiler.PhysicalPath = "\\ccwebetest\webroot\ccis.edu\test\yw\imgUploadApproval\"
		Release.AspNetCompiler.TargetPath = "PrecompiledWeb\localhost_61766\"
		Release.AspNetCompiler.Updateable = "true"
		Release.AspNetCompiler.ForceOverwrite = "true"
		Release.AspNetCompiler.FixedNames = "false"
		Release.AspNetCompiler.Debug = "False"
		SlnRelativePath = "\\ccwebetest\webroot\ccis.edu\test\yw\imgUploadApproval\"
		DefaultWebSiteLanguage = "Visual C#"
	EndProjectSection
EndProject
Global
	GlobalSection(SolutionConfigurationPlatforms) = preSolution
		Debug|Any CPU = Debug|Any CPU
	EndGlobalSection
	GlobalSection(ProjectConfigurationPlatforms) = postSolution
		{89461303-EB1C-44CC-A483-CFEE1501A0F6}.Debug|Any CPU.ActiveCfg = Debug|Any CPU
		{89461303-EB1C-44CC-A483-CFEE1501A0F6}.Debug|Any CPU.Build.0 = Debug|Any CPU
	EndGlobalSection
	GlobalSection(SolutionProperties) = preSolution
		HideSolutionNode = FALSE
	EndGlobalSection
EndGlobal
